# This file is automatically @generated by Cargo.
# It is not intended for manual editing.
version = 4

[[package]]
name = "cracked_md"
version = "0.1.0"
dependencies = [
 "fstools",
]

[[package]]
name = "fstools"
version = "0.1.0"

[[package]]
name = "gravel_cli"
version = "0.1.0"
dependencies = [
 "cracked_md",
 "slogger",
 "stdsrv",
]

[[package]]
name = "slogger"
version = "0.1.0"

[[package]]
name = "stdsrv"
version = "0.1.0"
dependencies = [
 "fstools",
 "slogger",
]
